<?xml version="1.0" encoding="utf-8"?>
<Project ToolsVersion="4.0" xmlns="http://schemas.microsoft.com/developer/msbuild/2003">
  <ItemGroup>
    <Filter Include="소스 파일">
      <UniqueIdentifier>{4FC737F1-C7A5-4376-A066-2A32D752A2FF}</UniqueIdentifier>
      <Extensions>cpp;c;cc;cxx;def;odl;idl;hpj;bat;asm;asmx</Extensions>
    </Filter>
    <Filter Include="헤더 파일">
      <UniqueIdentifier>{93995380-89BD-4b04-88EB-625FBE52EBFB}</UniqueIdentifier>
      <Extensions>h;hh;hpp;hxx;hm;inl;inc;ipp;xsd</Extensions>
    </Filter>
    <Filter Include="리소스 파일">
      <UniqueIdentifier>{67DA6AB6-F800-4c08-8B7A-83BB121AAD01}</UniqueIdentifier>
      <Extensions>rc;ico;cur;bmp;dlg;rc2;rct;bin;rgs;gif;jpg;jpeg;jpe;resx;tiff;tif;png;wav;mfcribbon-ms</Extensions>
    </Filter>
  </ItemGroup>
  <ItemGroup>
    <ClCompile Include="DataStructureAndAlgorithm.cpp">
      <Filter>소스 파일</Filter>
    </ClCompile>
    <ClCompile Include="Algorithm\Fibonacci\Fibonacci.cpp">
      <Filter>소스 파일</Filter>
    </ClCompile>
    <ClCompile Include="Algorithm\Factorial\Factorial.cpp">
      <Filter>소스 파일</Filter>
    </ClCompile>
    <ClCompile Include="stdafx.cpp">
      <Filter>소스 파일</Filter>
    </ClCompile>
    <ClCompile Include="Algorithm\Power\Power.cpp">
      <Filter>소스 파일</Filter>
    </ClCompile>
    <ClCompile Include="Algorithm\Hanoi\Hanoi.cpp">
      <Filter>소스 파일</Filter>
    </ClCompile>
    <ClCompile Include="DataStructure\Array\Array.cpp">
      <Filter>소스 파일</Filter>
    </ClCompile>
    <ClCompile Include="DataStructure\LinkedList\LinkedList.cpp">
      <Filter>소스 파일</Filter>
    </ClCompile>
  </ItemGroup>
  <ItemGroup>
    <ClInclude Include="stdafx.h">
      <Filter>헤더 파일</Filter>
    </ClInclude>
    <ClInclude Include="Algorithm\Fibonacci\Fibonacci.h">
      <Filter>헤더 파일</Filter>
    </ClInclude>
    <ClInclude Include="Algorithm\IAlgorithm.h">
      <Filter>헤더 파일</Filter>
    </ClInclude>
    <ClInclude Include="DataStructure\IDataStructure.h">
      <Filter>헤더 파일</Filter>
    </ClInclude>
    <ClInclude Include="Algorithm\Factorial\Factorial.h">
      <Filter>헤더 파일</Filter>
    </ClInclude>
    <ClInclude Include="Algorithm\Power\Power.h">
      <Filter>헤더 파일</Filter>
    </ClInclude>
    <ClInclude Include="Algorithm\Hanoi\Hanoi.h">
      <Filter>헤더 파일</Filter>
    </ClInclude>
    <ClInclude Include="DataStructure\Array\Array.h">
      <Filter>헤더 파일</Filter>
    </ClInclude>
    <ClInclude Include="DataStructure\LinkedList\LinkedList.h">
      <Filter>헤더 파일</Filter>
    </ClInclude>
    <ClInclude Include="DataStructure\Queue\Queue.h">
      <Filter>헤더 파일</Filter>
    </ClInclude>
    <ClInclude Include="DataStructure\Stack\Stack_Base_Array.h">
      <Filter>헤더 파일</Filter>
    </ClInclude>
    <ClInclude Include="DataStructure\Stack\Stack_Base_LinkedList.h">
      <Filter>헤더 파일</Filter>
    </ClInclude>
  </ItemGroup>
  <ItemGroup>
    <Text Include="Algorithm\Algorithm.txt" />
    <Text Include="DataStructure\DataStructure.txt" />
    <Text Include="DataStructure\Array\Array.txt" />
    <Text Include="DataStructure\LinkedList\LinkedList.txt" />
    <Text Include="DataStructure\Stack\Stack.txt" />
    <Text Include="DataStructure\Queue\Queue.txt" />
  </ItemGroup>
</Project>